
Microsoft Visual Studio Solution File, Format Version 12.00
# Visual Studio 2013
VisualStudioVersion = 12.0.40629.0
MinimumVisualStudioVersion = 10.0.40219.1
Project("{FAE04EC0-301F-11D3-BF4B-00C04F79EFBC}") = "Stubble.All", "Stubble.All\Stubble.All.csproj", "{28CC0910-DF89-493B-ACD9-324C1E8BF584}"
EndProject
Project("{2150E333-8FDC-42A3-9474-1A3956D46DE8}") = "Solution Items", "Solution Items", "{C1F5B391-9E47-4292-BE6D-1CB9BCD2300F}"
	ProjectSection(SolutionItems) = preProject
		.editorconfig = .editorconfig
		.gitignore = .gitignore
		licence.md = licence.md
		readme.md = readme.md
	EndProjectSection
EndProject
Project("{2150E333-8FDC-42A3-9474-1A3956D46DE8}") = ".nuget", ".nuget", "{84968E40-CD5D-4A56-BE2C-9A18C3CD1859}"
	ProjectSection(SolutionItems) = preProject
		.nuget\packages.config = .nuget\packages.config
	EndProjectSection
EndProject
Global
	GlobalSection(SolutionConfigurationPlatforms) = preSolution
		Debug|Any CPU = Debug|Any CPU
		Release|Any CPU = Release|Any CPU
	EndGlobalSection
	GlobalSection(ProjectConfigurationPlatforms) = postSolution
		{28CC0910-DF89-493B-ACD9-324C1E8BF584}.Debug|Any CPU.ActiveCfg = Debug|Any CPU
		{28CC0910-DF89-493B-ACD9-324C1E8BF584}.Debug|Any CPU.Build.0 = Debug|Any CPU
		{28CC0910-DF89-493B-ACD9-324C1E8BF584}.Release|Any CPU.ActiveCfg = Release|Any CPU
		{28CC0910-DF89-493B-ACD9-324C1E8BF584}.Release|Any CPU.Build.0 = Release|Any CPU
	EndGlobalSection
	GlobalSection(SolutionProperties) = preSolution
		HideSolutionNode = FALSE
	EndGlobalSection
EndGlobal
